<Solution>
  <Project Path="ItemNest.Api/ItemNest.Api.csproj" />
  <Project Path="ItemNest.Application/ItemNest.Application.csproj" />
  <Project Path="ItemNest.Domain/ItemNest.Domain.csproj" />
  <Project Path="ItemNest.Infrastructure/ItemNest.Infrastructure.csproj" />
  <Project Path="ItemNest.Tests/ItemNest.Tests.csproj" />
</Solution>
